
Microsoft Visual Studio Solution File, Format Version 12.00
# Visual Studio 2013
VisualStudioVersion = 12.0.40629.0
MinimumVisualStudioVersion = 10.0.40219.1
Project("{8BC9CEB8-8B4A-11D0-8D11-00A0C91BC942}") = "Problem1", "Problem1\Problem1.vcxproj", "{EB62EF99-4669-4278-9DAD-5ECD410780FB}"
EndProject
Project("{8BC9CEB8-8B4A-11D0-8D11-00A0C91BC942}") = "Problem2", "Problem2\Problem2.vcxproj", "{01FE0FD7-D445-4F3A-9D48-EE3A3030F12B}"
EndProject
Project("{8BC9CEB8-8B4A-11D0-8D11-00A0C91BC942}") = "Problem3", "Problem3\Problem3.vcxproj", "{354660EA-1C9D-4490-82F7-810CCD9AE9F3}"
EndProject
Project("{8BC9CEB8-8B4A-11D0-8D11-00A0C91BC942}") = "Problem5", "Problem5\Problem5.vcxproj", "{A7C7061B-F8D5-4819-BC39-EDAEB0D70CA3}"
EndProject
Project("{8BC9CEB8-8B4A-11D0-8D11-00A0C91BC942}") = "Problem6", "Problem6\Problem6.vcxproj", "{77363DD0-9A7F-4AAE-9306-1BB7C9471A28}"
EndProject
Project("{8BC9CEB8-8B4A-11D0-8D11-00A0C91BC942}") = "Problem7", "Problem7\Problem7.vcxproj", "{DF74BC9A-650A-4888-AA12-CB939B3582C6}"
EndProject
Project("{8BC9CEB8-8B4A-11D0-8D11-00A0C91BC942}") = "Problem9", "Problem9\Problem9.vcxproj", "{EB7D8DA7-9A88-490C-89C3-6F1EC5FE3FE7}"
EndProject
Global
	GlobalSection(SolutionConfigurationPlatforms) = preSolution
		Debug|Win32 = Debug|Win32
		Release|Win32 = Release|Win32
	EndGlobalSection
	GlobalSection(ProjectConfigurationPlatforms) = postSolution
		{EB62EF99-4669-4278-9DAD-5ECD410780FB}.Debug|Win32.ActiveCfg = Debug|Win32
		{EB62EF99-4669-4278-9DAD-5ECD410780FB}.Debug|Win32.Build.0 = Debug|Win32
		{EB62EF99-4669-4278-9DAD-5ECD410780FB}.Release|Win32.ActiveCfg = Release|Win32
		{EB62EF99-4669-4278-9DAD-5ECD410780FB}.Release|Win32.Build.0 = Release|Win32
		{01FE0FD7-D445-4F3A-9D48-EE3A3030F12B}.Debug|Win32.ActiveCfg = Debug|Win32
		{01FE0FD7-D445-4F3A-9D48-EE3A3030F12B}.Debug|Win32.Build.0 = Debug|Win32
		{01FE0FD7-D445-4F3A-9D48-EE3A3030F12B}.Release|Win32.ActiveCfg = Release|Win32
		{01FE0FD7-D445-4F3A-9D48-EE3A3030F12B}.Release|Win32.Build.0 = Release|Win32
		{354660EA-1C9D-4490-82F7-810CCD9AE9F3}.Debug|Win32.ActiveCfg = Debug|Win32
		{354660EA-1C9D-4490-82F7-810CCD9AE9F3}.Debug|Win32.Build.0 = Debug|Win32
		{354660EA-1C9D-4490-82F7-810CCD9AE9F3}.Release|Win32.ActiveCfg = Release|Win32
		{354660EA-1C9D-4490-82F7-810CCD9AE9F3}.Release|Win32.Build.0 = Release|Win32
		{A7C7061B-F8D5-4819-BC39-EDAEB0D70CA3}.Debug|Win32.ActiveCfg = Debug|Win32
		{A7C7061B-F8D5-4819-BC39-EDAEB0D70CA3}.Debug|Win32.Build.0 = Debug|Win32
		{A7C7061B-F8D5-4819-BC39-EDAEB0D70CA3}.Release|Win32.ActiveCfg = Release|Win32
		{A7C7061B-F8D5-4819-BC39-EDAEB0D70CA3}.Release|Win32.Build.0 = Release|Win32
		{77363DD0-9A7F-4AAE-9306-1BB7C9471A28}.Debug|Win32.ActiveCfg = Debug|Win32
		{77363DD0-9A7F-4AAE-9306-1BB7C9471A28}.Debug|Win32.Build.0 = Debug|Win32
		{77363DD0-9A7F-4AAE-9306-1BB7C9471A28}.Release|Win32.ActiveCfg = Release|Win32
		{77363DD0-9A7F-4AAE-9306-1BB7C9471A28}.Release|Win32.Build.0 = Release|Win32
		{DF74BC9A-650A-4888-AA12-CB939B3582C6}.Debug|Win32.ActiveCfg = Debug|Win32
		{DF74BC9A-650A-4888-AA12-CB939B3582C6}.Debug|Win32.Build.0 = Debug|Win32
		{DF74BC9A-650A-4888-AA12-CB939B3582C6}.Release|Win32.ActiveCfg = Release|Win32
		{DF74BC9A-650A-4888-AA12-CB939B3582C6}.Release|Win32.Build.0 = Release|Win32
		{EB7D8DA7-9A88-490C-89C3-6F1EC5FE3FE7}.Debug|Win32.ActiveCfg = Debug|Win32
		{EB7D8DA7-9A88-490C-89C3-6F1EC5FE3FE7}.Debug|Win32.Build.0 = Debug|Win32
		{EB7D8DA7-9A88-490C-89C3-6F1EC5FE3FE7}.Release|Win32.ActiveCfg = Release|Win32
		{EB7D8DA7-9A88-490C-89C3-6F1EC5FE3FE7}.Release|Win32.Build.0 = Release|Win32
	EndGlobalSection
	GlobalSection(SolutionProperties) = preSolution
		HideSolutionNode = FALSE
	EndGlobalSection
EndGlobal
